
Microsoft Visual Studio Solution File, Format Version 12.00
# Visual Studio Version 16
VisualStudioVersion = 16.0.29806.167
MinimumVisualStudioVersion = 10.0.40219.1
Project("{FAE04EC0-301F-11D3-BF4B-00C04F79EFBC}") = "NinjaDomain.Classes", "NinjaDomain.Classes\NinjaDomain.Classes.csproj", "{CA6421B8-62B9-428C-8E15-7D65B18ACF1B}"
EndProject
Project("{FAE04EC0-301F-11D3-BF4B-00C04F79EFBC}") = "NinjaDomain.DataModel", "NinjaDomain.DataModel\NinjaDomain.DataModel.csproj", "{624AB09C-212E-4909-B6B6-D6B5F7D01483}"
EndProject
Project("{FAE04EC0-301F-11D3-BF4B-00C04F79EFBC}") = "EDMXFromDB", "EDMXFromDB\EDMXFromDB.csproj", "{DAC9AFB2-39DF-4839-9FDC-1F4969B13FA3}"
EndProject
Project("{FAE04EC0-301F-11D3-BF4B-00C04F79EFBC}") = "EF6ConsoleApplication", "EF6ConsoleApplication\EF6ConsoleApplication.csproj", "{6E052469-A278-4F7A-A521-4E3AEB226422}"
EndProject
Global
	GlobalSection(SolutionConfigurationPlatforms) = preSolution
		Debug|Any CPU = Debug|Any CPU
		Release|Any CPU = Release|Any CPU
	EndGlobalSection
	GlobalSection(ProjectConfigurationPlatforms) = postSolution
		{CA6421B8-62B9-428C-8E15-7D65B18ACF1B}.Debug|Any CPU.ActiveCfg = Debug|Any CPU
		{CA6421B8-62B9-428C-8E15-7D65B18ACF1B}.Debug|Any CPU.Build.0 = Debug|Any CPU
		{CA6421B8-62B9-428C-8E15-7D65B18ACF1B}.Release|Any CPU.ActiveCfg = Release|Any CPU
		{CA6421B8-62B9-428C-8E15-7D65B18ACF1B}.Release|Any CPU.Build.0 = Release|Any CPU
		{624AB09C-212E-4909-B6B6-D6B5F7D01483}.Debug|Any CPU.ActiveCfg = Debug|Any CPU
		{624AB09C-212E-4909-B6B6-D6B5F7D01483}.Debug|Any CPU.Build.0 = Debug|Any CPU
		{624AB09C-212E-4909-B6B6-D6B5F7D01483}.Release|Any CPU.ActiveCfg = Release|Any CPU
		{624AB09C-212E-4909-B6B6-D6B5F7D01483}.Release|Any CPU.Build.0 = Release|Any CPU
		{DAC9AFB2-39DF-4839-9FDC-1F4969B13FA3}.Debug|Any CPU.ActiveCfg = Debug|Any CPU
		{DAC9AFB2-39DF-4839-9FDC-1F4969B13FA3}.Debug|Any CPU.Build.0 = Debug|Any CPU
		{DAC9AFB2-39DF-4839-9FDC-1F4969B13FA3}.Release|Any CPU.ActiveCfg = Release|Any CPU
		{DAC9AFB2-39DF-4839-9FDC-1F4969B13FA3}.Release|Any CPU.Build.0 = Release|Any CPU
		{6E052469-A278-4F7A-A521-4E3AEB226422}.Debug|Any CPU.ActiveCfg = Debug|Any CPU
		{6E052469-A278-4F7A-A521-4E3AEB226422}.Debug|Any CPU.Build.0 = Debug|Any CPU
		{6E052469-A278-4F7A-A521-4E3AEB226422}.Release|Any CPU.ActiveCfg = Release|Any CPU
		{6E052469-A278-4F7A-A521-4E3AEB226422}.Release|Any CPU.Build.0 = Release|Any CPU
	EndGlobalSection
	GlobalSection(SolutionProperties) = preSolution
		HideSolutionNode = FALSE
	EndGlobalSection
	GlobalSection(ExtensibilityGlobals) = postSolution
		SolutionGuid = {03E4FBF5-46FE-4990-8F7D-39DE158B7C69}
	EndGlobalSection
EndGlobal
